
Microsoft Visual Studio Solution File, Format Version 12.00
# Visual Studio 14
VisualStudioVersion = 14.0.25420.1
MinimumVisualStudioVersion = 10.0.40219.1
Project("{FAE04EC0-301F-11D3-BF4B-00C04F79EFBC}") = "Mlp.RestApp.Droid", "Mlp.RestApp\Mlp.RestApp.Droid\Mlp.RestApp.Droid.csproj", "{93A16501-8FC3-4C99-8D91-5DD2F6CA5551}"
EndProject
Project("{FAE04EC0-301F-11D3-BF4B-00C04F79EFBC}") = "Mlp.RestApp.iOS", "Mlp.RestApp\Mlp.RestApp.iOS\Mlp.RestApp.iOS.csproj", "{22775940-9D93-4D79-B139-F6F7D4A30AF5}"
EndProject
Project("{FAE04EC0-301F-11D3-BF4B-00C04F79EFBC}") = "Mlp.RestApp.WinPhone", "Mlp.RestApp\Mlp.RestApp.WinPhone\Mlp.RestApp.WinPhone.csproj", "{9678EC0D-72A1-4750-B3B9-EA0EB51CF4ED}"
EndProject
Project("{D954291E-2A0B-460D-934E-DC6B0785DB48}") = "Mlp.RestApp", "Mlp.RestApp\Mlp.RestApp\Mlp.RestApp.shproj", "{CFAFC546-228A-4B3A-BACC-C943904991A1}"
EndProject
Global
	GlobalSection(SharedMSBuildProjectFiles) = preSolution
		Mlp.RestApp\Mlp.RestApp\Mlp.RestApp.projitems*{22775940-9d93-4d79-b139-f6f7d4a30af5}*SharedItemsImports = 4
		Mlp.RestApp\Mlp.RestApp\Mlp.RestApp.projitems*{93a16501-8fc3-4c99-8d91-5dd2f6ca5551}*SharedItemsImports = 4
		Mlp.RestApp\Mlp.RestApp\Mlp.RestApp.projitems*{9678ec0d-72a1-4750-b3b9-ea0eb51cf4ed}*SharedItemsImports = 4
		Mlp.RestApp\Mlp.RestApp\Mlp.RestApp.projitems*{cfafc546-228a-4b3a-bacc-c943904991a1}*SharedItemsImports = 13
	EndGlobalSection
	GlobalSection(SolutionConfigurationPlatforms) = preSolution
		Debug|Any CPU = Debug|Any CPU
		Debug|ARM = Debug|ARM
		Debug|iPhone = Debug|iPhone
		Debug|iPhoneSimulator = Debug|iPhoneSimulator
		Debug|x86 = Debug|x86
		Release|Any CPU = Release|Any CPU
		Release|ARM = Release|ARM
		Release|iPhone = Release|iPhone
		Release|iPhoneSimulator = Release|iPhoneSimulator
		Release|x86 = Release|x86
	EndGlobalSection
	GlobalSection(ProjectConfigurationPlatforms) = postSolution
		{93A16501-8FC3-4C99-8D91-5DD2F6CA5551}.Debug|Any CPU.ActiveCfg = Debug|Any CPU
		{93A16501-8FC3-4C99-8D91-5DD2F6CA5551}.Debug|Any CPU.Build.0 = Debug|Any CPU
		{93A16501-8FC3-4C99-8D91-5DD2F6CA5551}.Debug|Any CPU.Deploy.0 = Debug|Any CPU
		{93A16501-8FC3-4C99-8D91-5DD2F6CA5551}.Debug|ARM.ActiveCfg = Debug|Any CPU
		{93A16501-8FC3-4C99-8D91-5DD2F6CA5551}.Debug|ARM.Build.0 = Debug|Any CPU
		{93A16501-8FC3-4C99-8D91-5DD2F6CA5551}.Debug|ARM.Deploy.0 = Debug|Any CPU
		{93A16501-8FC3-4C99-8D91-5DD2F6CA5551}.Debug|iPhone.ActiveCfg = Debug|Any CPU
		{93A16501-8FC3-4C99-8D91-5DD2F6CA5551}.Debug|iPhone.Build.0 = Debug|Any CPU
		{93A16501-8FC3-4C99-8D91-5DD2F6CA5551}.Debug|iPhone.Deploy.0 = Debug|Any CPU
		{93A16501-8FC3-4C99-8D91-5DD2F6CA5551}.Debug|iPhoneSimulator.ActiveCfg = Debug|Any CPU
		{93A16501-8FC3-4C99-8D91-5DD2F6CA5551}.Debug|iPhoneSimulator.Build.0 = Debug|Any CPU
		{93A16501-8FC3-4C99-8D91-5DD2F6CA5551}.Debug|iPhoneSimulator.Deploy.0 = Debug|Any CPU
		{93A16501-8FC3-4C99-8D91-5DD2F6CA5551}.Debug|x86.ActiveCfg = Debug|Any CPU
		{93A16501-8FC3-4C99-8D91-5DD2F6CA5551}.Debug|x86.Build.0 = Debug|Any CPU
		{93A16501-8FC3-4C99-8D91-5DD2F6CA5551}.Debug|x86.Deploy.0 = Debug|Any CPU
		{93A16501-8FC3-4C99-8D91-5DD2F6CA5551}.Release|Any CPU.ActiveCfg = Release|Any CPU
		{93A16501-8FC3-4C99-8D91-5DD2F6CA5551}.Release|Any CPU.Build.0 = Release|Any CPU
		{93A16501-8FC3-4C99-8D91-5DD2F6CA5551}.Release|Any CPU.Deploy.0 = Release|Any CPU
		{93A16501-8FC3-4C99-8D91-5DD2F6CA5551}.Release|ARM.ActiveCfg = Release|Any CPU
		{93A16501-8FC3-4C99-8D91-5DD2F6CA5551}.Release|ARM.Build.0 = Release|Any CPU
		{93A16501-8FC3-4C99-8D91-5DD2F6CA5551}.Release|ARM.Deploy.0 = Release|Any CPU
		{93A16501-8FC3-4C99-8D91-5DD2F6CA5551}.Release|iPhone.ActiveCfg = Release|Any CPU
		{93A16501-8FC3-4C99-8D91-5DD2F6CA5551}.Release|iPhone.Build.0 = Release|Any CPU
		{93A16501-8FC3-4C99-8D91-5DD2F6CA5551}.Release|iPhone.Deploy.0 = Release|Any CPU
		{93A16501-8FC3-4C99-8D91-5DD2F6CA5551}.Release|iPhoneSimulator.ActiveCfg = Release|Any CPU
		{93A16501-8FC3-4C99-8D91-5DD2F6CA5551}.Release|iPhoneSimulator.Build.0 = Release|Any CPU
		{93A16501-8FC3-4C99-8D91-5DD2F6CA5551}.Release|iPhoneSimulator.Deploy.0 = Release|Any CPU
		{93A16501-8FC3-4C99-8D91-5DD2F6CA5551}.Release|x86.ActiveCfg = Release|Any CPU
		{93A16501-8FC3-4C99-8D91-5DD2F6CA5551}.Release|x86.Build.0 = Release|Any CPU
		{93A16501-8FC3-4C99-8D91-5DD2F6CA5551}.Release|x86.Deploy.0 = Release|Any CPU
		{22775940-9D93-4D79-B139-F6F7D4A30AF5}.Debug|Any CPU.ActiveCfg = Debug|iPhone
		{22775940-9D93-4D79-B139-F6F7D4A30AF5}.Debug|ARM.ActiveCfg = Debug|iPhone
		{22775940-9D93-4D79-B139-F6F7D4A30AF5}.Debug|iPhone.ActiveCfg = Debug|iPhone
		{22775940-9D93-4D79-B139-F6F7D4A30AF5}.Debug|iPhone.Build.0 = Debug|iPhone
		{22775940-9D93-4D79-B139-F6F7D4A30AF5}.Debug|iPhoneSimulator.ActiveCfg = Debug|iPhoneSimulator
		{22775940-9D93-4D79-B139-F6F7D4A30AF5}.Debug|iPhoneSimulator.Build.0 = Debug|iPhoneSimulator
		{22775940-9D93-4D79-B139-F6F7D4A30AF5}.Debug|x86.ActiveCfg = Debug|iPhone
		{22775940-9D93-4D79-B139-F6F7D4A30AF5}.Release|Any CPU.ActiveCfg = Release|iPhone
		{22775940-9D93-4D79-B139-F6F7D4A30AF5}.Release|ARM.ActiveCfg = Release|iPhone
		{22775940-9D93-4D79-B139-F6F7D4A30AF5}.Release|iPhone.ActiveCfg = Release|iPhone
		{22775940-9D93-4D79-B139-F6F7D4A30AF5}.Release|iPhone.Build.0 = Release|iPhone
		{22775940-9D93-4D79-B139-F6F7D4A30AF5}.Release|iPhoneSimulator.ActiveCfg = Release|iPhoneSimulator
		{22775940-9D93-4D79-B139-F6F7D4A30AF5}.Release|iPhoneSimulator.Build.0 = Release|iPhoneSimulator
		{22775940-9D93-4D79-B139-F6F7D4A30AF5}.Release|x86.ActiveCfg = Release|iPhone
		{9678EC0D-72A1-4750-B3B9-EA0EB51CF4ED}.Debug|Any CPU.ActiveCfg = Debug|Any CPU
		{9678EC0D-72A1-4750-B3B9-EA0EB51CF4ED}.Debug|Any CPU.Build.0 = Debug|Any CPU
		{9678EC0D-72A1-4750-B3B9-EA0EB51CF4ED}.Debug|Any CPU.Deploy.0 = Debug|Any CPU
		{9678EC0D-72A1-4750-B3B9-EA0EB51CF4ED}.Debug|ARM.ActiveCfg = Debug|ARM
		{9678EC0D-72A1-4750-B3B9-EA0EB51CF4ED}.Debug|ARM.Build.0 = Debug|ARM
		{9678EC0D-72A1-4750-B3B9-EA0EB51CF4ED}.Debug|ARM.Deploy.0 = Debug|ARM
		{9678EC0D-72A1-4750-B3B9-EA0EB51CF4ED}.Debug|iPhone.ActiveCfg = Debug|Any CPU
		{9678EC0D-72A1-4750-B3B9-EA0EB51CF4ED}.Debug|iPhone.Build.0 = Debug|Any CPU
		{9678EC0D-72A1-4750-B3B9-EA0EB51CF4ED}.Debug|iPhone.Deploy.0 = Debug|Any CPU
		{9678EC0D-72A1-4750-B3B9-EA0EB51CF4ED}.Debug|iPhoneSimulator.ActiveCfg = Debug|Any CPU
		{9678EC0D-72A1-4750-B3B9-EA0EB51CF4ED}.Debug|iPhoneSimulator.Build.0 = Debug|Any CPU
		{9678EC0D-72A1-4750-B3B9-EA0EB51CF4ED}.Debug|iPhoneSimulator.Deploy.0 = Debug|Any CPU
		{9678EC0D-72A1-4750-B3B9-EA0EB51CF4ED}.Debug|x86.ActiveCfg = Debug|x86
		{9678EC0D-72A1-4750-B3B9-EA0EB51CF4ED}.Debug|x86.Build.0 = Debug|x86
		{9678EC0D-72A1-4750-B3B9-EA0EB51CF4ED}.Debug|x86.Deploy.0 = Debug|x86
		{9678EC0D-72A1-4750-B3B9-EA0EB51CF4ED}.Release|Any CPU.ActiveCfg = Release|Any CPU
		{9678EC0D-72A1-4750-B3B9-EA0EB51CF4ED}.Release|Any CPU.Build.0 = Release|Any CPU
		{9678EC0D-72A1-4750-B3B9-EA0EB51CF4ED}.Release|Any CPU.Deploy.0 = Release|Any CPU
		{9678EC0D-72A1-4750-B3B9-EA0EB51CF4ED}.Release|ARM.ActiveCfg = Release|ARM
		{9678EC0D-72A1-4750-B3B9-EA0EB51CF4ED}.Release|ARM.Build.0 = Release|ARM
		{9678EC0D-72A1-4750-B3B9-EA0EB51CF4ED}.Release|ARM.Deploy.0 = Release|ARM
		{9678EC0D-72A1-4750-B3B9-EA0EB51CF4ED}.Release|iPhone.ActiveCfg = Release|Any CPU
		{9678EC0D-72A1-4750-B3B9-EA0EB51CF4ED}.Release|iPhone.Build.0 = Release|Any CPU
		{9678EC0D-72A1-4750-B3B9-EA0EB51CF4ED}.Release|iPhone.Deploy.0 = Release|Any CPU
		{9678EC0D-72A1-4750-B3B9-EA0EB51CF4ED}.Release|iPhoneSimulator.ActiveCfg = Release|Any CPU
		{9678EC0D-72A1-4750-B3B9-EA0EB51CF4ED}.Release|iPhoneSimulator.Build.0 = Release|Any CPU
		{9678EC0D-72A1-4750-B3B9-EA0EB51CF4ED}.Release|iPhoneSimulator.Deploy.0 = Release|Any CPU
		{9678EC0D-72A1-4750-B3B9-EA0EB51CF4ED}.Release|x86.ActiveCfg = Release|x86
		{9678EC0D-72A1-4750-B3B9-EA0EB51CF4ED}.Release|x86.Build.0 = Release|x86
		{9678EC0D-72A1-4750-B3B9-EA0EB51CF4ED}.Release|x86.Deploy.0 = Release|x86
	EndGlobalSection
	GlobalSection(SolutionProperties) = preSolution
		HideSolutionNode = FALSE
	EndGlobalSection
EndGlobal
